
Microsoft Visual Studio Solution File, Format Version 12.00
# Visual Studio Version 17
VisualStudioVersion = 17.3.32901.215
MinimumVisualStudioVersion = 10.0.40219.1
Project("{FAE04EC0-301F-11D3-BF4B-00C04F79EFBC}") = "back-end", "back-end\back-end.csproj", "{43496C3A-A7AF-4717-BBE5-61DACAE840C0}"
EndProject
Global
	GlobalSection(SolutionConfigurationPlatforms) = preSolution
		Debug|Any CPU = Debug|Any CPU
		Release|Any CPU = Release|Any CPU
	EndGlobalSection
	GlobalSection(ProjectConfigurationPlatforms) = postSolution
		{43496C3A-A7AF-4717-BBE5-61DACAE840C0}.Debug|Any CPU.ActiveCfg = Debug|Any CPU
		{43496C3A-A7AF-4717-BBE5-61DACAE840C0}.Debug|Any CPU.Build.0 = Debug|Any CPU
		{43496C3A-A7AF-4717-BBE5-61DACAE840C0}.Release|Any CPU.ActiveCfg = Release|Any CPU
		{43496C3A-A7AF-4717-BBE5-61DACAE840C0}.Release|Any CPU.Build.0 = Release|Any CPU
	EndGlobalSection
	GlobalSection(SolutionProperties) = preSolution
		HideSolutionNode = FALSE
	EndGlobalSection
	GlobalSection(ExtensibilityGlobals) = postSolution
		SolutionGuid = {0B57A271-580E-4FC8-AD42-B5C2980EF54D}
	EndGlobalSection
EndGlobal
